
Microsoft Visual Studio Solution File, Format Version 12.00
# Visual Studio Version 16
VisualStudioVersion = 16.0.30711.63
MinimumVisualStudioVersion = 10.0.40219.1
Project("{9A19103F-16F7-4668-BE54-9A1E7A4F7556}") = "AdventOfCode", "AdventOfCode.csproj", "{BAF1C88C-6694-41CE-B07C-D1E1A542966D}"
EndProject
Project("{FAE04EC0-301F-11D3-BF4B-00C04F79EFBC}") = "2020Tests", "..\2020Tests\2020Tests.csproj", "{89A26880-1723-4369-BA3B-2527840E31F7}"
EndProject
Global
	GlobalSection(SolutionConfigurationPlatforms) = preSolution
		Debug|Any CPU = Debug|Any CPU
		Release|Any CPU = Release|Any CPU
	EndGlobalSection
	GlobalSection(ProjectConfigurationPlatforms) = postSolution
		{BAF1C88C-6694-41CE-B07C-D1E1A542966D}.Debug|Any CPU.ActiveCfg = Debug|Any CPU
		{BAF1C88C-6694-41CE-B07C-D1E1A542966D}.Debug|Any CPU.Build.0 = Debug|Any CPU
		{BAF1C88C-6694-41CE-B07C-D1E1A542966D}.Release|Any CPU.ActiveCfg = Release|Any CPU
		{BAF1C88C-6694-41CE-B07C-D1E1A542966D}.Release|Any CPU.Build.0 = Release|Any CPU
		{89A26880-1723-4369-BA3B-2527840E31F7}.Debug|Any CPU.ActiveCfg = Debug|Any CPU
		{89A26880-1723-4369-BA3B-2527840E31F7}.Debug|Any CPU.Build.0 = Debug|Any CPU
		{89A26880-1723-4369-BA3B-2527840E31F7}.Release|Any CPU.ActiveCfg = Release|Any CPU
		{89A26880-1723-4369-BA3B-2527840E31F7}.Release|Any CPU.Build.0 = Release|Any CPU
	EndGlobalSection
	GlobalSection(SolutionProperties) = preSolution
		HideSolutionNode = FALSE
	EndGlobalSection
	GlobalSection(ExtensibilityGlobals) = postSolution
		SolutionGuid = {7C935A9B-9A0F-4F1B-9D06-A2A040B38BA2}
	EndGlobalSection
EndGlobal
